
Microsoft Visual Studio Solution File, Format Version 12.00
# Visual Studio Version 17
VisualStudioVersion = 17.0.31903.59
MinimumVisualStudioVersion = 10.0.40219.1
Project("{2150E333-8FDC-42A3-9474-1A3956D46DE8}") = "src", "src", "{CFB3944E-CA9F-4D86-A923-3435021EB3E9}"
EndProject
Project("{9A19103F-16F7-4668-BE54-9A1E7A4F7556}") = "SchoolManager.Domain", "src\SchoolManager.Domain\SchoolManager.Domain.csproj", "{FB3986E4-9929-4E42-916D-883033D74D53}"
EndProject
Project("{9A19103F-16F7-4668-BE54-9A1E7A4F7556}") = "SchoolManager.BackOfficeWebUI", "src\SchoolManager.BackOfficeWebUI\SchoolManager.BackOfficeWebUI.csproj", "{CD1E7A1D-4A9A-4E3F-A4F2-2D573F7569A3}"
EndProject
Project("{FAE04EC0-301F-11D3-BF4B-00C04F79EFBC}") = "SchoolManager.Application", "src\SchoolManager.Application\SchoolManager.Application.csproj", "{0F57BD29-D9ED-40F6-A1C0-5F83A8235EF3}"
EndProject
Project("{FAE04EC0-301F-11D3-BF4B-00C04F79EFBC}") = "SchoolManager.Infrastructure", "src\SchoolManager.Infrastructure\SchoolManager.Infrastructure.csproj", "{BFD2E386-0AD1-46F2-B9FA-ABB8A225B5A9}"
EndProject
Project("{FAE04EC0-301F-11D3-BF4B-00C04F79EFBC}") = "SchoolManager.Web", "src\SchoolManager.Web\SchoolManager.Web.csproj", "{FA5C5EF6-4A9C-4179-AFC6-31B854122E94}"
EndProject
Global
	GlobalSection(SolutionConfigurationPlatforms) = preSolution
		Debug|Any CPU = Debug|Any CPU
		Release|Any CPU = Release|Any CPU
	EndGlobalSection
	GlobalSection(ProjectConfigurationPlatforms) = postSolution
		{FB3986E4-9929-4E42-916D-883033D74D53}.Debug|Any CPU.ActiveCfg = Debug|Any CPU
		{FB3986E4-9929-4E42-916D-883033D74D53}.Debug|Any CPU.Build.0 = Debug|Any CPU
		{FB3986E4-9929-4E42-916D-883033D74D53}.Release|Any CPU.ActiveCfg = Release|Any CPU
		{FB3986E4-9929-4E42-916D-883033D74D53}.Release|Any CPU.Build.0 = Release|Any CPU
		{CD1E7A1D-4A9A-4E3F-A4F2-2D573F7569A3}.Debug|Any CPU.ActiveCfg = Debug|Any CPU
		{CD1E7A1D-4A9A-4E3F-A4F2-2D573F7569A3}.Debug|Any CPU.Build.0 = Debug|Any CPU
		{CD1E7A1D-4A9A-4E3F-A4F2-2D573F7569A3}.Release|Any CPU.ActiveCfg = Release|Any CPU
		{CD1E7A1D-4A9A-4E3F-A4F2-2D573F7569A3}.Release|Any CPU.Build.0 = Release|Any CPU
		{0F57BD29-D9ED-40F6-A1C0-5F83A8235EF3}.Debug|Any CPU.ActiveCfg = Debug|Any CPU
		{0F57BD29-D9ED-40F6-A1C0-5F83A8235EF3}.Debug|Any CPU.Build.0 = Debug|Any CPU
		{0F57BD29-D9ED-40F6-A1C0-5F83A8235EF3}.Release|Any CPU.ActiveCfg = Release|Any CPU
		{0F57BD29-D9ED-40F6-A1C0-5F83A8235EF3}.Release|Any CPU.Build.0 = Release|Any CPU
		{BFD2E386-0AD1-46F2-B9FA-ABB8A225B5A9}.Debug|Any CPU.ActiveCfg = Debug|Any CPU
		{BFD2E386-0AD1-46F2-B9FA-ABB8A225B5A9}.Debug|Any CPU.Build.0 = Debug|Any CPU
		{BFD2E386-0AD1-46F2-B9FA-ABB8A225B5A9}.Release|Any CPU.ActiveCfg = Release|Any CPU
		{BFD2E386-0AD1-46F2-B9FA-ABB8A225B5A9}.Release|Any CPU.Build.0 = Release|Any CPU
		{FA5C5EF6-4A9C-4179-AFC6-31B854122E94}.Debug|Any CPU.ActiveCfg = Debug|Any CPU
		{FA5C5EF6-4A9C-4179-AFC6-31B854122E94}.Debug|Any CPU.Build.0 = Debug|Any CPU
		{FA5C5EF6-4A9C-4179-AFC6-31B854122E94}.Release|Any CPU.ActiveCfg = Release|Any CPU
		{FA5C5EF6-4A9C-4179-AFC6-31B854122E94}.Release|Any CPU.Build.0 = Release|Any CPU
	EndGlobalSection
	GlobalSection(SolutionProperties) = preSolution
		HideSolutionNode = FALSE
	EndGlobalSection
	GlobalSection(NestedProjects) = preSolution
		{FB3986E4-9929-4E42-916D-883033D74D53} = {CFB3944E-CA9F-4D86-A923-3435021EB3E9}
		{CD1E7A1D-4A9A-4E3F-A4F2-2D573F7569A3} = {CFB3944E-CA9F-4D86-A923-3435021EB3E9}
		{0F57BD29-D9ED-40F6-A1C0-5F83A8235EF3} = {CFB3944E-CA9F-4D86-A923-3435021EB3E9}
		{BFD2E386-0AD1-46F2-B9FA-ABB8A225B5A9} = {CFB3944E-CA9F-4D86-A923-3435021EB3E9}
		{FA5C5EF6-4A9C-4179-AFC6-31B854122E94} = {CFB3944E-CA9F-4D86-A923-3435021EB3E9}
	EndGlobalSection
	GlobalSection(ExtensibilityGlobals) = postSolution
		SolutionGuid = {3745AEC5-F727-43F5-8C78-2D19190DDF58}
	EndGlobalSection
EndGlobal
